// !$*UTF8*$!
{
	archiveVersion = 1;
	classes = {
	};
	objectVersion = 46;
	objects = {

/* Begin PBXBuildFile section */
		468B51221DE4739600022BF9 /* main.m in Sources */ = {isa = PBXBuildFile; fileRef = 468B51211DE4739600022BF9 /* main.m */; };
		468B51251DE4739600022BF9 /* AppDelegate.m in Sources */ = {isa = PBXBuildFile; fileRef = 468B51241DE4739600022BF9 /* AppDelegate.m */; };
		468B51281DE4739600022BF9 /* ViewController.m in Sources */ = {isa = PBXBuildFile; fileRef = 468B51271DE4739600022BF9 /* ViewController.m */; };
		468B512B1DE4739600022BF9 /* Main.storyboard in Resources */ = {isa = PBXBuildFile; fileRef = 468B51291DE4739600022BF9 /* Main.storyboard */; };
		468B512D1DE4739600022BF9 /* Assets.xcassets in Resources */ = {isa = PBXBuildFile; fileRef = 468B512C1DE4739600022BF9 /* Assets.xcassets */; };
		468B51301DE4739600022BF9 /* LaunchScreen.storyboard in Resources */ = {isa = PBXBuildFile; fileRef = 468B512E1DE4739600022BF9 /* LaunchScreen.storyboard */; };
		468B513B1DE4739600022BF9 /* JYUIAnimateAppTests.m in Sources */ = {isa = PBXBuildFile; fileRef = 468B513A1DE4739600022BF9 /* JYUIAnimateAppTests.m */; };
		468B51461DE4739600022BF9 /* JYUIAnimateAppUITests.m in Sources */ = {isa = PBXBuildFile; fileRef = 468B51451DE4739600022BF9 /* JYUIAnimateAppUITests.m */; };
		46D529061E0A922D0035391D /* JYUIAnimate.framework in Frameworks */ = {isa = PBXBuildFile; fileRef = 46D529041E0A922D0035391D /* JYUIAnimate.framework */; };
		46D529071E0A922D0035391D /* JYUIAnimate.bundle in Resources */ = {isa = PBXBuildFile; fileRef = 46D529051E0A922D0035391D /* JYUIAnimate.bundle */; };
		46D529081E0A92340035391D /* JYUIAnimate.framework in Embed Frameworks */ = {isa = PBXBuildFile; fileRef = 46D529041E0A922D0035391D /* JYUIAnimate.framework */; settings = {ATTRIBUTES = (CodeSignOnCopy, RemoveHeadersOnCopy, ); }; };
/* End PBXBuildFile section */

/* Begin PBXContainerItemProxy section */
		468B51371DE4739600022BF9 /* PBXContainerItemProxy */ = {
			isa = PBXContainerItemProxy;
			containerPortal = 468B51151DE4739500022BF9 /* Project object */;
			proxyType = 1;
			remoteGlobalIDString = 468B511C1DE4739600022BF9;
			remoteInfo = JYUIAnimateApp;
		};
		468B51421DE4739600022BF9 /* PBXContainerItemProxy */ = {
			isa = PBXContainerItemProxy;
			containerPortal = 468B51151DE4739500022BF9 /* Project object */;
			proxyType = 1;
			remoteGlobalIDString = 468B511C1DE4739600022BF9;
			remoteInfo = JYUIAnimateApp;
		};
/* End PBXContainerItemProxy section */

/* Begin PBXCopyFilesBuildPhase section */
		468B515D1DE475DA00022BF9 /* Embed Frameworks */ = {
			isa = PBXCopyFilesBuildPhase;
			buildActionMask = 2147483647;
			dstPath = "";
			dstSubfolderSpec = 10;
			files = (
				46D529081E0A92340035391D /* JYUIAnimate.framework in Embed Frameworks */,
			);
			name = "Embed Frameworks";
			runOnlyForDeploymentPostprocessing = 0;
		};
/* End PBXCopyFilesBuildPhase section */

/* Begin PBXFileReference section */
		468B511D1DE4739600022BF9 /* JYUIAnimateApp.app */ = {isa = PBXFileReference; explicitFileType = wrapper.application; includeInIndex = 0; path = JYUIAnimateApp.app; sourceTree = BUILT_PRODUCTS_DIR; };
		468B51211DE4739600022BF9 /* main.m */ = {isa = PBXFileReference; lastKnownFileType = sourcecode.c.objc; path = main.m; sourceTree = "<group>"; };
		468B51231DE4739600022BF9 /* AppDelegate.h */ = {isa = PBXFileReference; lastKnownFileType = sourcecode.c.h; path = AppDelegate.h; sourceTree = "<group>"; };
		468B51241DE4739600022BF9 /* AppDelegate.m */ = {isa = PBXFileReference; lastKnownFileType = sourcecode.c.objc; path = AppDelegate.m; sourceTree = "<group>"; };
		468B51261DE4739600022BF9 /* ViewController.h */ = {isa = PBXFileReference; lastKnownFileType = sourcecode.c.h; path = ViewController.h; sourceTree = "<group>"; };
		468B51271DE4739600022BF9 /* ViewController.m */ = {isa = PBXFileReference; lastKnownFileType = sourcecode.c.objc; path = ViewController.m; sourceTree = "<group>"; };
		468B512A1DE4739600022BF9 /* Base */ = {isa = PBXFileReference; lastKnownFileType = file.storyboard; name = Base; path = Base.lproj/Main.storyboard; sourceTree = "<group>"; };
		468B512C1DE4739600022BF9 /* Assets.xcassets */ = {isa = PBXFileReference; lastKnownFileType = folder.assetcatalog; path = Assets.xcassets; sourceTree = "<group>"; };
		468B512F1DE4739600022BF9 /* Base */ = {isa = PBXFileReference; lastKnownFileType = file.storyboard; name = Base; path = Base.lproj/LaunchScreen.storyboard; sourceTree = "<group>"; };
		468B51311DE4739600022BF9 /* Info.plist */ = {isa = PBXFileReference; lastKnownFileType = text.plist.xml; path = Info.plist; sourceTree = "<group>"; };
		468B51361DE4739600022BF9 /* JYUIAnimateAppTests.xctest */ = {isa = PBXFileReference; explicitFileType = wrapper.cfbundle; includeInIndex = 0; path = JYUIAnimateAppTests.xctest; sourceTree = BUILT_PRODUCTS_DIR; };
		468B513A1DE4739600022BF9 /* JYUIAnimateAppTests.m */ = {isa = PBXFileReference; lastKnownFileType = sourcecode.c.objc; path = JYUIAnimateAppTests.m; sourceTree = "<group>"; };
		468B513C1DE4739600022BF9 /* Info.plist */ = {isa = PBXFileReference; lastKnownFileType = text.plist.xml; path = Info.plist; sourceTree = "<group>"; };
		468B51411DE4739600022BF9 /* JYUIAnimateAppUITests.xctest */ = {isa = PBXFileReference; explicitFileType = wrapper.cfbundle; includeInIndex = 0; path = JYUIAnimateAppUITests.xctest; sourceTree = BUILT_PRODUCTS_DIR; };
		468B51451DE4739600022BF9 /* JYUIAnimateAppUITests.m */ = {isa = PBXFileReference; lastKnownFileType = sourcecode.c.objc; path = JYUIAnimateAppUITests.m; sourceTree = "<group>"; };
		468B51471DE4739600022BF9 /* Info.plist */ = {isa = PBXFileReference; lastKnownFileType = text.plist.xml; path = Info.plist; sourceTree = "<group>"; };
		46D529041E0A922D0035391D /* JYUIAnimate.framework */ = {isa = PBXFileReference; lastKnownFileType = wrapper.framework; path = JYUIAnimate.framework; sourceTree = "<group>"; };
		46D529051E0A922D0035391D /* JYUIAnimate.bundle */ = {isa = PBXFileReference; lastKnownFileType = "wrapper.plug-in"; path = JYUIAnimate.bundle; sourceTree = "<group>"; };
/* End PBXFileReference section */

/* Begin PBXFrameworksBuildPhase section */
		468B511A1DE4739600022BF9 /* Frameworks */ = {
			isa = PBXFrameworksBuildPhase;
			buildActionMask = 2147483647;
			files = (
				46D529061E0A922D0035391D /* JYUIAnimate.framework in Frameworks */,
			);
			runOnlyForDeploymentPostprocessing = 0;
		};
		468B51331DE4739600022BF9 /* Frameworks */ = {
			isa = PBXFrameworksBuildPhase;
			buildActionMask = 2147483647;
			files = (
			);
			runOnlyForDeploymentPostprocessing = 0;
		};
		468B513E1DE4739600022BF9 /* Frameworks */ = {
			isa = PBXFrameworksBuildPhase;
			buildActionMask = 2147483647;
			files = (
			);
			runOnlyForDeploymentPostprocessing = 0;
		};
/* End PBXFrameworksBuildPhase section */

/* Begin PBXGroup section */
		46573D311DE488DA00595854 /* framework */ = {
			isa = PBXGroup;
			children = (
				46D529041E0A922D0035391D /* JYUIAnimate.framework */,
				46D529051E0A922D0035391D /* JYUIAnimate.bundle */,
			);
			name = framework;
			sourceTree = "<group>";
		};
		468B51141DE4739500022BF9 = {
			isa = PBXGroup;
			children = (
				468B511F1DE4739600022BF9 /* JYUIAnimateApp */,
				468B51391DE4739600022BF9 /* JYUIAnimateAppTests */,
				468B51441DE4739600022BF9 /* JYUIAnimateAppUITests */,
				468B511E1DE4739600022BF9 /* Products */,
			);
			sourceTree = "<group>";
		};
		468B511E1DE4739600022BF9 /* Products */ = {
			isa = PBXGroup;
			children = (
				468B511D1DE4739600022BF9 /* JYUIAnimateApp.app */,
				468B51361DE4739600022BF9 /* JYUIAnimateAppTests.xctest */,
				468B51411DE4739600022BF9 /* JYUIAnimateAppUITests.xctest */,
			);
			name = Products;
			sourceTree = "<group>";
		};
		468B511F1DE4739600022BF9 /* JYUIAnimateApp */ = {
			isa = PBXGroup;
			children = (
				46573D311DE488DA00595854 /* framework */,
				468B51231DE4739600022BF9 /* AppDelegate.h */,
				468B51241DE4739600022BF9 /* AppDelegate.m */,
				468B51261DE4739600022BF9 /* ViewController.h */,
				468B51271DE4739600022BF9 /* ViewController.m */,
				468B51291DE4739600022BF9 /* Main.storyboard */,
				468B512C1DE4739600022BF9 /* Assets.xcassets */,
				468B512E1DE4739600022BF9 /* LaunchScreen.storyboard */,
				468B51311DE4739600022BF9 /* Info.plist */,
				468B51201DE4739600022BF9 /* Supporting Files */,
			);
			path = JYUIAnimateApp;
			sourceTree = "<group>";
		};
		468B51201DE4739600022BF9 /* Supporting Files */ = {
			isa = PBXGroup;
			children = (
				468B51211DE4739600022BF9 /* main.m */,
			);
			name = "Supporting Files";
			sourceTree = "<group>";
		};
		468B51391DE4739600022BF9 /* JYUIAnimateAppTests */ = {
			isa = PBXGroup;
			children = (
				468B513A1DE4739600022BF9 /* JYUIAnimateAppTests.m */,
				468B513C1DE4739600022BF9 /* Info.plist */,
			);
			path = JYUIAnimateAppTests;
			sourceTree = "<group>";
		};
		468B51441DE4739600022BF9 /* JYUIAnimateAppUITests */ = {
			isa = PBXGroup;
			children = (
				468B51451DE4739600022BF9 /* JYUIAnimateAppUITests.m */,
				468B51471DE4739600022BF9 /* Info.plist */,
			);
			path = JYUIAnimateAppUITests;
			sourceTree = "<group>";
		};
/* End PBXGroup section */

/* Begin PBXNativeTarget section */
		468B511C1DE4739600022BF9 /* JYUIAnimateApp */ = {
			isa = PBXNativeTarget;
			buildConfigurationList = 468B514A1DE4739600022BF9 /* Build configuration list for PBXNativeTarget "JYUIAnimateApp" */;
			buildPhases = (
				468B51191DE4739600022BF9 /* Sources */,
				468B511A1DE4739600022BF9 /* Frameworks */,
				468B511B1DE4739600022BF9 /* Resources */,
				468B515D1DE475DA00022BF9 /* Embed Frameworks */,
			);
			buildRules = (
			);
			dependencies = (
			);
			name = JYUIAnimateApp;
			productName = JYUIAnimateApp;
			productReference = 468B511D1DE4739600022BF9 /* JYUIAnimateApp.app */;
			productType = "com.apple.product-type.application";
		};
		468B51351DE4739600022BF9 /* JYUIAnimateAppTests */ = {
			isa = PBXNativeTarget;
			buildConfigurationList = 468B514D1DE4739600022BF9 /* Build configuration list for PBXNativeTarget "JYUIAnimateAppTests" */;
			buildPhases = (
				468B51321DE4739600022BF9 /* Sources */,
				468B51331DE4739600022BF9 /* Frameworks */,
				468B51341DE4739600022BF9 /* Resources */,
			);
			buildRules = (
			);
			dependencies = (
				468B51381DE4739600022BF9 /* PBXTargetDependency */,
			);
			name = JYUIAnimateAppTests;
			productName = JYUIAnimateAppTests;
			productReference = 468B51361DE4739600022BF9 /* JYUIAnimateAppTests.xctest */;
			productType = "com.apple.product-type.bundle.unit-test";
		};
		468B51401DE4739600022BF9 /* JYUIAnimateAppUITests */ = {
			isa = PBXNativeTarget;
			buildConfigurationList = 468B51501DE4739600022BF9 /* Build configuration list for PBXNativeTarget "JYUIAnimateAppUITests" */;
			buildPhases = (
				468B513D1DE4739600022BF9 /* Sources */,
				468B513E1DE4739600022BF9 /* Frameworks */,
				468B513F1DE4739600022BF9 /* Resources */,
			);
			buildRules = (
			);
			dependencies = (
				468B51431DE4739600022BF9 /* PBXTargetDependency */,
			);
			name = JYUIAnimateAppUITests;
			productName = JYUIAnimateAppUITests;
			productReference = 468B51411DE4739600022BF9 /* JYUIAnimateAppUITests.xctest */;
			productType = "com.apple.product-type.bundle.ui-testing";
		};
/* End PBXNativeTarget section */

/* Begin PBXProject section */
		468B51151DE4739500022BF9 /* Project object */ = {
			isa = PBXProject;
			attributes = {
				LastUpgradeCheck = 0810;
				ORGANIZATIONNAME = "Julie Yu";
				TargetAttributes = {
					468B511C1DE4739600022BF9 = {
						CreatedOnToolsVersion = 8.1;
						DevelopmentTeam = PS6YUTY3PG;
						ProvisioningStyle = Automatic;
					};
					468B51351DE4739600022BF9 = {
						CreatedOnToolsVersion = 8.1;
						DevelopmentTeam = PS6YUTY3PG;
						ProvisioningStyle = Automatic;
						TestTargetID = 468B511C1DE4739600022BF9;
					};
					468B51401DE4739600022BF9 = {
						CreatedOnToolsVersion = 8.1;
						DevelopmentTeam = PS6YUTY3PG;
						ProvisioningStyle = Automatic;
						TestTargetID = 468B511C1DE4739600022BF9;
					};
				};
			};
			buildConfigurationList = 468B51181DE4739500022BF9 /* Build configuration list for PBXProject "JYUIAnimateApp" */;
			compatibilityVersion = "Xcode 3.2";
			developmentRegion = English;
			hasScannedForEncodings = 0;
			knownRegions = (
				en,
				Base,
			);
			mainGroup = 468B51141DE4739500022BF9;
			productRefGroup = 468B511E1DE4739600022BF9 /* Products */;
			projectDirPath = "";
			projectRoot = "";
			targets = (
				468B511C1DE4739600022BF9 /* JYUIAnimateApp */,
				468B51351DE4739600022BF9 /* JYUIAnimateAppTests */,
				468B51401DE4739600022BF9 /* JYUIAnimateAppUITests */,
			);
		};
/* End PBXProject section */

/* Begin PBXResourcesBuildPhase section */
		468B511B1DE4739600022BF9 /* Resources */ = {
			isa = PBXResourcesBuildPhase;
			buildActionMask = 2147483647;
			files = (
				468B51301DE4739600022BF9 /* LaunchScreen.storyboard in Resources */,
				468B512D1DE4739600022BF9 /* Assets.xcassets in Resources */,
				46D529071E0A922D0035391D /* JYUIAnimate.bundle in Resources */,
				468B512B1DE4739600022BF9 /* Main.storyboard in Resources */,
			);
			runOnlyForDeploymentPostprocessing = 0;
		};
		468B51341DE4739600022BF9 /* Resources */ = {
			isa = PBXResourcesBuildPhase;
			buildActionMask = 2147483647;
			files = (
			);
			runOnlyForDeploymentPostprocessing = 0;
		};
		468B513F1DE4739600022BF9 /* Resources */ = {
			isa = PBXResourcesBuildPhase;
			buildActionMask = 2147483647;
			files = (
			);
			runOnlyForDeploymentPostprocessing = 0;
		};
/* End PBXResourcesBuildPhase section */

/* Begin PBXSourcesBuildPhase section */
		468B51191DE4739600022BF9 /* Sources */ = {
			isa = PBXSourcesBuildPhase;
			buildActionMask = 2147483647;
			files = (
				468B51281DE4739600022BF9 /* ViewController.m in Sources */,
				468B51251DE4739600022BF9 /* AppDelegate.m in Sources */,
				468B51221DE4739600022BF9 /* main.m in Sources */,
			);
			runOnlyForDeploymentPostprocessing = 0;
		};
		468B51321DE4739600022BF9 /* Sources */ = {
			isa = PBXSourcesBuildPhase;
			buildActionMask = 2147483647;
			files = (
				468B513B1DE4739600022BF9 /* JYUIAnimateAppTests.m in Sources */,
			);
			runOnlyForDeploymentPostprocessing = 0;
		};
		468B513D1DE4739600022BF9 /* Sources */ = {
			isa = PBXSourcesBuildPhase;
			buildActionMask = 2147483647;
			files = (
				468B51461DE4739600022BF9 /* JYUIAnimateAppUITests.m in Sources */,
			);
			runOnlyForDeploymentPostprocessing = 0;
		};
/* End PBXSourcesBuildPhase section */

/* Begin PBXTargetDependency section */
		468B51381DE4739600022BF9 /* PBXTargetDependency */ = {
			isa = PBXTargetDependency;
			target = 468B511C1DE4739600022BF9 /* JYUIAnimateApp */;
			targetProxy = 468B51371DE4739600022BF9 /* PBXContainerItemProxy */;
		};
		468B51431DE4739600022BF9 /* PBXTargetDependency */ = {
			isa = PBXTargetDependency;
			target = 468B511C1DE4739600022BF9 /* JYUIAnimateApp */;
			targetProxy = 468B51421DE4739600022BF9 /* PBXContainerItemProxy */;
		};
/* End PBXTargetDependency section */

/* Begin PBXVariantGroup section */
		468B51291DE4739600022BF9 /* Main.storyboard */ = {
			isa = PBXVariantGroup;
			children = (
				468B512A1DE4739600022BF9 /* Base */,
			);
			name = Main.storyboard;
			sourceTree = "<group>";
		};
		468B512E1DE4739600022BF9 /* LaunchScreen.storyboard */ = {
			isa = PBXVariantGroup;
			children = (
				468B512F1DE4739600022BF9 /* Base */,
			);
			name = LaunchScreen.storyboard;
			sourceTree = "<group>";
		};
/* End PBXVariantGroup section */

/* Begin XCBuildConfiguration section */
		468B51481DE4739600022BF9 /* Debug */ = {
			isa = XCBuildConfiguration;
			buildSettings = {
				ALWAYS_SEARCH_USER_PATHS = NO;
				CLANG_ANALYZER_NONNULL = YES;
				CLANG_CXX_LANGUAGE_STANDARD = "gnu++0x";
				CLANG_CXX_LIBRARY = "libc++";
				CLANG_ENABLE_MODULES = YES;
				CLANG_ENABLE_OBJC_ARC = YES;
				CLANG_WARN_BOOL_CONVERSION = YES;
				CLANG_WARN_CONSTANT_CONVERSION = YES;
				CLANG_WARN_DIRECT_OBJC_ISA_USAGE = YES_ERROR;
				CLANG_WARN_DOCUMENTATION_COMMENTS = YES;
				CLANG_WARN_EMPTY_BODY = YES;
				CLANG_WARN_ENUM_CONVERSION = YES;
				CLANG_WARN_INFINITE_RECURSION = YES;
				CLANG_WARN_INT_CONVERSION = YES;
				CLANG_WARN_OBJC_ROOT_CLASS = YES_ERROR;
				CLANG_WARN_SUSPICIOUS_MOVES = YES;
				CLANG_WARN_UNREACHABLE_CODE = YES;
				CLANG_WARN__DUPLICATE_METHOD_MATCH = YES;
				"CODE_SIGN_IDENTITY[sdk=iphoneos*]" = "iPhone Developer";
				COPY_PHASE_STRIP = NO;
				DEBUG_INFORMATION_FORMAT = dwarf;
				ENABLE_STRICT_OBJC_MSGSEND = YES;
				ENABLE_TESTABILITY = YES;
				GCC_C_LANGUAGE_STANDARD = gnu99;
				GCC_DYNAMIC_NO_PIC = NO;
				GCC_NO_COMMON_BLOCKS = YES;
				GCC_OPTIMIZATION_LEVEL = 0;
				GCC_PREPROCESSOR_DEFINITIONS = (
					"DEBUG=1",
					"$(inherited)",
				);
				GCC_WARN_64_TO_32_BIT_CONVERSION = YES;
				GCC_WARN_ABOUT_RETURN_TYPE = YES_ERROR;
				GCC_WARN_UNDECLARED_SELECTOR = YES;
				GCC_WARN_UNINITIALIZED_AUTOS = YES_AGGRESSIVE;
				GCC_WARN_UNUSED_FUNCTION = YES;
				GCC_WARN_UNUSED_VARIABLE = YES;
				IPHONEOS_DEPLOYMENT_TARGET = 8.0;
				MTL_ENABLE_DEBUG_INFO = YES;
				ONLY_ACTIVE_ARCH = YES;
				SDKROOT = iphoneos;
				TARGETED_DEVICE_FAMILY = "1,2";
			};
			name = Debug;
		};
		468B51491DE4739600022BF9 /* Release */ = {
			isa = XCBuildConfiguration;
			buildSettings = {
				ALWAYS_SEARCH_USER_PATHS = NO;
				CLANG_ANALYZER_NONNULL = YES;
				CLANG_CXX_LANGUAGE_STANDARD = "gnu++0x";
				CLANG_CXX_LIBRARY = "libc++";
				CLANG_ENABLE_MODULES = YES;
				CLANG_ENABLE_OBJC_ARC = YES;
				CLANG_WARN_BOOL_CONVERSION = YES;
				CLANG_WARN_CONSTANT_CONVERSION = YES;
				CLANG_WARN_DIRECT_OBJC_ISA_USAGE = YES_ERROR;
				CLANG_WARN_DOCUMENTATION_COMMENTS = YES;
				CLANG_WARN_EMPTY_BODY = YES;
				CLANG_WARN_ENUM_CONVERSION = YES;
				CLANG_WARN_INFINITE_RECURSION = YES;
				CLANG_WARN_INT_CONVERSION = YES;
				CLANG_WARN_OBJC_ROOT_CLASS = YES_ERROR;
				CLANG_WARN_SUSPICIOUS_MOVES = YES;
				CLANG_WARN_UNREACHABLE_CODE = YES;
				CLANG_WARN__DUPLICATE_METHOD_MATCH = YES;
				"CODE_SIGN_IDENTITY[sdk=iphoneos*]" = "iPhone Developer";
				COPY_PHASE_STRIP = NO;
				DEBUG_INFORMATION_FORMAT = "dwarf-with-dsym";
				ENABLE_NS_ASSERTIONS = NO;
				ENABLE_STRICT_OBJC_MSGSEND = YES;
				GCC_C_LANGUAGE_STANDARD = gnu99;
				GCC_NO_COMMON_BLOCKS = YES;
				GCC_WARN_64_TO_32_BIT_CONVERSION = YES;
				GCC_WARN_ABOUT_RETURN_TYPE = YES_ERROR;
				GCC_WARN_UNDECLARED_SELECTOR = YES;
				GCC_WARN_UNINITIALIZED_AUTOS = YES_AGGRESSIVE;
				GCC_WARN_UNUSED_FUNCTION = YES;
				GCC_WARN_UNUSED_VARIABLE = YES;
				IPHONEOS_DEPLOYMENT_TARGET = 8.0;
				MTL_ENABLE_DEBUG_INFO = NO;
				SDKROOT = iphoneos;
				TARGETED_DEVICE_FAMILY = "1,2";
				VALIDATE_PRODUCT = YES;
			};
			name = Release;
		};
		468B514B1DE4739600022BF9 /* Debug */ = {
			isa = XCBuildConfiguration;
			buildSettings = {
				ASSETCATALOG_COMPILER_APPICON_NAME = AppIcon;
				DEVELOPMENT_TEAM = PS6YUTY3PG;
				FRAMEWORK_SEARCH_PATHS = (
					"$(inherited)",
					"$(PROJECT_DIR)/JYUIAnimateApp",
				);
				INFOPLIST_FILE = JYUIAnimateApp/Info.plist;
				LD_RUNPATH_SEARCH_PATHS = "$(inherited) @executable_path/Frameworks";
				PRODUCT_BUNDLE_IDENTIFIER = com.julie.JYUIAnimateApp;
				PRODUCT_NAME = "$(TARGET_NAME)";
			};
			name = Debug;
		};
		468B514C1DE4739600022BF9 /* Release */ = {
			isa = XCBuildConfiguration;
			buildSettings = {
				ASSETCATALOG_COMPILER_APPICON_NAME = AppIcon;
				DEVELOPMENT_TEAM = PS6YUTY3PG;
				FRAMEWORK_SEARCH_PATHS = (
					"$(inherited)",
					"$(PROJECT_DIR)/JYUIAnimateApp",
				);
				INFOPLIST_FILE = JYUIAnimateApp/Info.plist;
				LD_RUNPATH_SEARCH_PATHS = "$(inherited) @executable_path/Frameworks";
				PRODUCT_BUNDLE_IDENTIFIER = com.julie.JYUIAnimateApp;
				PRODUCT_NAME = "$(TARGET_NAME)";
			};
			name = Release;
		};
		468B514E1DE4739600022BF9 /* Debug */ = {
			isa = XCBuildConfiguration;
			buildSettings = {
				BUNDLE_LOADER = "$(TEST_HOST)";
				DEVELOPMENT_TEAM = PS6YUTY3PG;
				INFOPLIST_FILE = JYUIAnimateAppTests/Info.plist;
				LD_RUNPATH_SEARCH_PATHS = "$(inherited) @executable_path/Frameworks @loader_path/Frameworks";
				PRODUCT_BUNDLE_IDENTIFIER = com.julie.JYUIAnimateAppTests;
				PRODUCT_NAME = "$(TARGET_NAME)";
				TEST_HOST = "$(BUILT_PRODUCTS_DIR)/JYUIAnimateApp.app/JYUIAnimateApp";
			};
			name = Debug;
		};
		468B514F1DE4739600022BF9 /* Release */ = {
			isa = XCBuildConfiguration;
			buildSettings = {
				BUNDLE_LOADER = "$(TEST_HOST)";
				DEVELOPMENT_TEAM = PS6YUTY3PG;
				INFOPLIST_FILE = JYUIAnimateAppTests/Info.plist;
				LD_RUNPATH_SEARCH_PATHS = "$(inherited) @executable_path/Frameworks @loader_path/Frameworks";
				PRODUCT_BUNDLE_IDENTIFIER = com.julie.JYUIAnimateAppTests;
				PRODUCT_NAME = "$(TARGET_NAME)";
				TEST_HOST = "$(BUILT_PRODUCTS_DIR)/JYUIAnimateApp.app/JYUIAnimateApp";
			};
			name = Release;
		};
		468B51511DE4739600022BF9 /* Debug */ = {
			isa = XCBuildConfiguration;
			buildSettings = {
				DEVELOPMENT_TEAM = PS6YUTY3PG;
				INFOPLIST_FILE = JYUIAnimateAppUITests/Info.plist;
				LD_RUNPATH_SEARCH_PATHS = "$(inherited) @executable_path/Frameworks @loader_path/Frameworks";
				PRODUCT_BUNDLE_IDENTIFIER = com.julie.JYUIAnimateAppUITests;
				PRODUCT_NAME = "$(TARGET_NAME)";
				TEST_TARGET_NAME = JYUIAnimateApp;
			};
			name = Debug;
		};
		468B51521DE4739600022BF9 /* Release */ = {
			isa = XCBuildConfiguration;
			buildSettings = {
				DEVELOPMENT_TEAM = PS6YUTY3PG;
				INFOPLIST_FILE = JYUIAnimateAppUITests/Info.plist;
				LD_RUNPATH_SEARCH_PATHS = "$(inherited) @executable_path/Frameworks @loader_path/Frameworks";
				PRODUCT_BUNDLE_IDENTIFIER = com.julie.JYUIAnimateAppUITests;
				PRODUCT_NAME = "$(TARGET_NAME)";
				TEST_TARGET_NAME = JYUIAnimateApp;
			};
			name = Release;
		};
/* End XCBuildConfiguration section */

/* Begin XCConfigurationList section */
		468B51181DE4739500022BF9 /* Build configuration list for PBXProject "JYUIAnimateApp" */ = {
			isa = XCConfigurationList;
			buildConfigurations = (
				468B51481DE4739600022BF9 /* Debug */,
				468B51491DE4739600022BF9 /* Release */,
			);
			defaultConfigurationIsVisible = 0;
			defaultConfigurationName = Release;
		};
		468B514A1DE4739600022BF9 /* Build configuration list for PBXNativeTarget "JYUIAnimateApp" */ = {
			isa = XCConfigurationList;
			buildConfigurations = (
				468B514B1DE4739600022BF9 /* Debug */,
				468B514C1DE4739600022BF9 /* Release */,
			);
			defaultConfigurationIsVisible = 0;
			defaultConfigurationName = Release;
		};
		468B514D1DE4739600022BF9 /* Build configuration list for PBXNativeTarget "JYUIAnimateAppTests" */ = {
			isa = XCConfigurationList;
			buildConfigurations = (
				468B514E1DE4739600022BF9 /* Debug */,
				468B514F1DE4739600022BF9 /* Release */,
			);
			defaultConfigurationIsVisible = 0;
			defaultConfigurationName = Release;
		};
		468B51501DE4739600022BF9 /* Build configuration list for PBXNativeTarget "JYUIAnimateAppUITests" */ = {
			isa = XCConfigurationList;
			buildConfigurations = (
				468B51511DE4739600022BF9 /* Debug */,
				468B51521DE4739600022BF9 /* Release */,
			);
			defaultConfigurationIsVisible = 0;
			defaultConfigurationName = Release;
		};
/* End XCConfigurationList section */
	};
	rootObject = 468B51151DE4739500022BF9 /* Project object */;
}
